
Microsoft Visual Studio Solution File, Format Version 12.00
# Visual Studio Version 17
VisualStudioVersion = 17.0.31727.522
MinimumVisualStudioVersion = 10.0.40219.1
Project("{9A19103F-16F7-4668-BE54-9A1E7A4F7556}") = "TodoApp.API", "TodoApp.API\TodoApp.API.csproj", "{58E1075C-CCF5-4CBB-8E8B-74B73B977F32}"
EndProject
Project("{9A19103F-16F7-4668-BE54-9A1E7A4F7556}") = "TodoApp.Web.Razor", "TodoApp.Web.Razor\TodoApp.Web.Razor.csproj", "{BC4B65FF-E9B9-4206-ACD5-E29981DC54F9}"
EndProject
Project("{9A19103F-16F7-4668-BE54-9A1E7A4F7556}") = "TodoApp", "TodoApp\TodoApp.csproj", "{2BD1956F-8AA0-4675-B9E1-005382DB437E}"
EndProject
Project("{9A19103F-16F7-4668-BE54-9A1E7A4F7556}") = "TodoApp.Web.BlazorServer", "TodoApp.Web.BlazorServer\TodoApp.Web.BlazorServer.csproj", "{42EFE8A7-5999-4CDA-8022-DA362C7E8E89}"
EndProject
Global
	GlobalSection(SolutionConfigurationPlatforms) = preSolution
		Debug|Any CPU = Debug|Any CPU
		Release|Any CPU = Release|Any CPU
	EndGlobalSection
	GlobalSection(ProjectConfigurationPlatforms) = postSolution
		{58E1075C-CCF5-4CBB-8E8B-74B73B977F32}.Debug|Any CPU.ActiveCfg = Debug|Any CPU
		{58E1075C-CCF5-4CBB-8E8B-74B73B977F32}.Debug|Any CPU.Build.0 = Debug|Any CPU
		{58E1075C-CCF5-4CBB-8E8B-74B73B977F32}.Release|Any CPU.ActiveCfg = Release|Any CPU
		{58E1075C-CCF5-4CBB-8E8B-74B73B977F32}.Release|Any CPU.Build.0 = Release|Any CPU
		{BC4B65FF-E9B9-4206-ACD5-E29981DC54F9}.Debug|Any CPU.ActiveCfg = Debug|Any CPU
		{BC4B65FF-E9B9-4206-ACD5-E29981DC54F9}.Debug|Any CPU.Build.0 = Debug|Any CPU
		{BC4B65FF-E9B9-4206-ACD5-E29981DC54F9}.Release|Any CPU.ActiveCfg = Release|Any CPU
		{BC4B65FF-E9B9-4206-ACD5-E29981DC54F9}.Release|Any CPU.Build.0 = Release|Any CPU
		{2BD1956F-8AA0-4675-B9E1-005382DB437E}.Debug|Any CPU.ActiveCfg = Debug|Any CPU
		{2BD1956F-8AA0-4675-B9E1-005382DB437E}.Debug|Any CPU.Build.0 = Debug|Any CPU
		{2BD1956F-8AA0-4675-B9E1-005382DB437E}.Release|Any CPU.ActiveCfg = Release|Any CPU
		{2BD1956F-8AA0-4675-B9E1-005382DB437E}.Release|Any CPU.Build.0 = Release|Any CPU
		{42EFE8A7-5999-4CDA-8022-DA362C7E8E89}.Debug|Any CPU.ActiveCfg = Debug|Any CPU
		{42EFE8A7-5999-4CDA-8022-DA362C7E8E89}.Debug|Any CPU.Build.0 = Debug|Any CPU
		{42EFE8A7-5999-4CDA-8022-DA362C7E8E89}.Release|Any CPU.ActiveCfg = Release|Any CPU
		{42EFE8A7-5999-4CDA-8022-DA362C7E8E89}.Release|Any CPU.Build.0 = Release|Any CPU
	EndGlobalSection
	GlobalSection(SolutionProperties) = preSolution
		HideSolutionNode = FALSE
	EndGlobalSection
	GlobalSection(ExtensibilityGlobals) = postSolution
		SolutionGuid = {DB9CCD3F-C230-43CB-863A-832C17C0CA3E}
	EndGlobalSection
EndGlobal
